{
  "name": "primeta",
  "version": "0.2.3",
  "lockfileVersion": 3,
  "requires": true,
  "packages": {
    "": {
      "name": "primeta",
      "version": "0.2.3",
      "license": "MIT",
      "dependencies": {
        "@pixiv/three-vrm": "^3.4.5",
        "@pixiv/three-vrm-animation": "^3.5.1",
        "@primeta/persona-core": "file:./vendor/persona-core",
        "three": "^0.170.0",
        "ws": "^8.18.0"
      },
      "devDependencies": {
        "@types/node": "^20.0.0",
        "@types/vscode": "^1.85.0",
        "@types/ws": "^8.5.0",
        "esbuild": "^0.20.0",
        "typescript": "^5.4.0"
      },
      "engines": {
        "vscode": "^1.93.0"
      }
    },
    "node_modules/@esbuild/aix-ppc64": {
      "version": "0.20.2",
      "resolved": "https://registry.npmjs.org/@esbuild/aix-ppc64/-/aix-ppc64-0.20.2.tgz",
      "integrity": "sha512-D+EBOJHXdNZcLJRBkhENNG8Wji2kgc9AZ9KiPr1JuZjsNtyHzrsfLRrY0tk2H2aoFu6RANO1y1iPPUCDYWkb5g==",
      "cpu": [
        "ppc64"
      ],
      "dev": true,
      "license": "MIT",
      "optional": true,
      "os": [
        "aix"
      ],
      "engines": {
        "node": ">=12"
      }
    },
    "node_modules/@esbuild/android-arm": {
      "version": "0.20.2",
      "resolved": "https://registry.npmjs.org/@esbuild/android-arm/-/android-arm-0.20.2.tgz",
      "integrity": "sha512-t98Ra6pw2VaDhqNWO2Oph2LXbz/EJcnLmKLGBJwEwXX/JAN83Fym1rU8l0JUWK6HkIbWONCSSatf4sf2NBRx/w==",
      "cpu": [
        "arm"
      ],
      "dev": true,
      "license": "MIT",
      "optional": true,
      "os": [
        "android"
      ],
      "engines": {
        "node": ">=12"
      }
    },
    "node_modules/@esbuild/android-arm64": {
      "version": "0.20.2",
      "resolved": "https://registry.npmjs.org/@esbuild/android-arm64/-/android-arm64-0.20.2.tgz",
      "integrity": "sha512-mRzjLacRtl/tWU0SvD8lUEwb61yP9cqQo6noDZP/O8VkwafSYwZ4yWy24kan8jE/IMERpYncRt2dw438LP3Xmg==",
      "cpu": [
        "arm64"
      ],
      "dev": true,
      "license": "MIT",
      "optional": true,
      "os": [
        "android"
      ],
      "engines": {
        "node": ">=12"
      }
    },
    "node_modules/@esbuild/android-x64": {
      "version": "0.20.2",
      "resolved": "https://registry.npmjs.org/@esbuild/android-x64/-/android-x64-0.20.2.tgz",
      "integrity": "sha512-btzExgV+/lMGDDa194CcUQm53ncxzeBrWJcncOBxuC6ndBkKxnHdFJn86mCIgTELsooUmwUm9FkhSp5HYu00Rg==",
      "cpu": [
        "x64"
      ],
      "dev": true,
      "license": "MIT",
      "optional": true,
      "os": [
        "android"
      ],
      "engines": {
        "node": ">=12"
      }
    },
    "node_modules/@esbuild/darwin-arm64": {
      "version": "0.20.2",
      "resolved": "https://registry.npmjs.org/@esbuild/darwin-arm64/-/darwin-arm64-0.20.2.tgz",
      "integrity": "sha512-4J6IRT+10J3aJH3l1yzEg9y3wkTDgDk7TSDFX+wKFiWjqWp/iCfLIYzGyasx9l0SAFPT1HwSCR+0w/h1ES/MjA==",
      "cpu": [
        "arm64"
      ],
      "dev": true,
      "license": "MIT",
      "optional": true,
      "os": [
        "darwin"
      ],
      "engines": {
        "node": ">=12"
      }
    },
    "node_modules/@esbuild/darwin-x64": {
      "version": "0.20.2",
      "resolved": "https://registry.npmjs.org/@esbuild/darwin-x64/-/darwin-x64-0.20.2.tgz",
      "integrity": "sha512-tBcXp9KNphnNH0dfhv8KYkZhjc+H3XBkF5DKtswJblV7KlT9EI2+jeA8DgBjp908WEuYll6pF+UStUCfEpdysA==",
      "cpu": [
        "x64"
      ],
      "dev": true,
      "license": "MIT",
      "optional": true,
      "os": [
        "darwin"
      ],
      "engines": {
        "node": ">=12"
      }
    },
    "node_modules/@esbuild/freebsd-arm64": {
      "version": "0.20.2",
      "resolved": "https://registry.npmjs.org/@esbuild/freebsd-arm64/-/freebsd-arm64-0.20.2.tgz",
      "integrity": "sha512-d3qI41G4SuLiCGCFGUrKsSeTXyWG6yem1KcGZVS+3FYlYhtNoNgYrWcvkOoaqMhwXSMrZRl69ArHsGJ9mYdbbw==",
      "cpu": [
        "arm64"
      ],
      "dev": true,
      "license": "MIT",
      "optional": true,
      "os": [
        "freebsd"
      ],
      "engines": {
        "node": ">=12"
      }
    },
    "node_modules/@esbuild/freebsd-x64": {
      "version": "0.20.2",
      "resolved": "https://registry.npmjs.org/@esbuild/freebsd-x64/-/freebsd-x64-0.20.2.tgz",
      "integrity": "sha512-d+DipyvHRuqEeM5zDivKV1KuXn9WeRX6vqSqIDgwIfPQtwMP4jaDsQsDncjTDDsExT4lR/91OLjRo8bmC1e+Cw==",
      "cpu": [
        "x64"
      ],
      "dev": true,
      "license": "MIT",
      "optional": true,
      "os": [
        "freebsd"
      ],
      "engines": {
        "node": ">=12"
      }
    },
    "node_modules/@esbuild/linux-arm": {
      "version": "0.20.2",
      "resolved": "https://registry.npmjs.org/@esbuild/linux-arm/-/linux-arm-0.20.2.tgz",
      "integrity": "sha512-VhLPeR8HTMPccbuWWcEUD1Az68TqaTYyj6nfE4QByZIQEQVWBB8vup8PpR7y1QHL3CpcF6xd5WVBU/+SBEvGTg==",
      "cpu": [
        "arm"
      ],
      "dev": true,
      "license": "MIT",
      "optional": true,
      "os": [
        "linux"
      ],
      "engines": {
        "node": ">=12"
      }
    },
    "node_modules/@esbuild/linux-arm64": {
      "version": "0.20.2",
      "resolved": "https://registry.npmjs.org/@esbuild/linux-arm64/-/linux-arm64-0.20.2.tgz",
      "integrity": "sha512-9pb6rBjGvTFNira2FLIWqDk/uaf42sSyLE8j1rnUpuzsODBq7FvpwHYZxQ/It/8b+QOS1RYfqgGFNLRI+qlq2A==",
      "cpu": [
        "arm64"
      ],
      "dev": true,
      "license": "MIT",
      "optional": true,
      "os": [
        "linux"
      ],
      "engines": {
        "node": ">=12"
      }
    },
    "node_modules/@esbuild/linux-ia32": {
      "version": "0.20.2",
      "resolved": "https://registry.npmjs.org/@esbuild/linux-ia32/-/linux-ia32-0.20.2.tgz",
      "integrity": "sha512-o10utieEkNPFDZFQm9CoP7Tvb33UutoJqg3qKf1PWVeeJhJw0Q347PxMvBgVVFgouYLGIhFYG0UGdBumROyiig==",
      "cpu": [
        "ia32"
      ],
      "dev": true,
      "license": "MIT",
      "optional": true,
      "os": [
        "linux"
      ],
      "engines": {
        "node": ">=12"
      }
    },
    "node_modules/@esbuild/linux-loong64": {
      "version": "0.20.2",
      "resolved": "https://registry.npmjs.org/@esbuild/linux-loong64/-/linux-loong64-0.20.2.tgz",
      "integrity": "sha512-PR7sp6R/UC4CFVomVINKJ80pMFlfDfMQMYynX7t1tNTeivQ6XdX5r2XovMmha/VjR1YN/HgHWsVcTRIMkymrgQ==",
      "cpu": [
        "loong64"
      ],
      "dev": true,
      "license": "MIT",
      "optional": true,
      "os": [
        "linux"
      ],
      "engines": {
        "node": ">=12"
      }
    },
    "node_modules/@esbuild/linux-mips64el": {
      "version": "0.20.2",
      "resolved": "https://registry.npmjs.org/@esbuild/linux-mips64el/-/linux-mips64el-0.20.2.tgz",
      "integrity": "sha512-4BlTqeutE/KnOiTG5Y6Sb/Hw6hsBOZapOVF6njAESHInhlQAghVVZL1ZpIctBOoTFbQyGW+LsVYZ8lSSB3wkjA==",
      "cpu": [
        "mips64el"
      ],
      "dev": true,
      "license": "MIT",
      "optional": true,
      "os": [
        "linux"
      ],
      "engines": {
        "node": ">=12"
      }
    },
    "node_modules/@esbuild/linux-ppc64": {
      "version": "0.20.2",
      "resolved": "https://registry.npmjs.org/@esbuild/linux-ppc64/-/linux-ppc64-0.20.2.tgz",
      "integrity": "sha512-rD3KsaDprDcfajSKdn25ooz5J5/fWBylaaXkuotBDGnMnDP1Uv5DLAN/45qfnf3JDYyJv/ytGHQaziHUdyzaAg==",
      "cpu": [
        "ppc64"
      ],
      "dev": true,
      "license": "MIT",
      "optional": true,
      "os": [
        "linux"
      ],
      "engines": {
        "node": ">=12"
      }
    },
    "node_modules/@esbuild/linux-riscv64": {
      "version": "0.20.2",
      "resolved": "https://registry.npmjs.org/@esbuild/linux-riscv64/-/linux-riscv64-0.20.2.tgz",
      "integrity": "sha512-snwmBKacKmwTMmhLlz/3aH1Q9T8v45bKYGE3j26TsaOVtjIag4wLfWSiZykXzXuE1kbCE+zJRmwp+ZbIHinnVg==",
      "cpu": [
        "riscv64"
      ],
      "dev": true,
      "license": "MIT",
      "optional": true,
      "os": [
        "linux"
      ],
      "engines": {
        "node": ">=12"
      }
    },
    "node_modules/@esbuild/linux-s390x": {
      "version": "0.20.2",
      "resolved": "https://registry.npmjs.org/@esbuild/linux-s390x/-/linux-s390x-0.20.2.tgz",
      "integrity": "sha512-wcWISOobRWNm3cezm5HOZcYz1sKoHLd8VL1dl309DiixxVFoFe/o8HnwuIwn6sXre88Nwj+VwZUvJf4AFxkyrQ==",
      "cpu": [
        "s390x"
      ],
      "dev": true,
      "license": "MIT",
      "optional": true,
      "os": [
        "linux"
      ],
      "engines": {
        "node": ">=12"
      }
    },
    "node_modules/@esbuild/linux-x64": {
      "version": "0.20.2",
      "resolved": "https://registry.npmjs.org/@esbuild/linux-x64/-/linux-x64-0.20.2.tgz",
      "integrity": "sha512-1MdwI6OOTsfQfek8sLwgyjOXAu+wKhLEoaOLTjbijk6E2WONYpH9ZU2mNtR+lZ2B4uwr+usqGuVfFT9tMtGvGw==",
      "cpu": [
        "x64"
      ],
      "dev": true,
      "license": "MIT",
      "optional": true,
      "os": [
        "linux"
      ],
      "engines": {
        "node": ">=12"
      }
    },
    "node_modules/@esbuild/netbsd-x64": {
      "version": "0.20.2",
      "resolved": "https://registry.npmjs.org/@esbuild/netbsd-x64/-/netbsd-x64-0.20.2.tgz",
      "integrity": "sha512-K8/DhBxcVQkzYc43yJXDSyjlFeHQJBiowJ0uVL6Tor3jGQfSGHNNJcWxNbOI8v5k82prYqzPuwkzHt3J1T1iZQ==",
      "cpu": [
        "x64"
      ],
      "dev": true,
      "license": "MIT",
      "optional": true,
      "os": [
        "netbsd"
      ],
      "engines": {
        "node": ">=12"
      }
    },
    "node_modules/@esbuild/openbsd-x64": {
      "version": "0.20.2",
      "resolved": "https://registry.npmjs.org/@esbuild/openbsd-x64/-/openbsd-x64-0.20.2.tgz",
      "integrity": "sha512-eMpKlV0SThJmmJgiVyN9jTPJ2VBPquf6Kt/nAoo6DgHAoN57K15ZghiHaMvqjCye/uU4X5u3YSMgVBI1h3vKrQ==",
      "cpu": [
        "x64"
      ],
      "dev": true,
      "license": "MIT",
      "optional": true,
      "os": [
        "openbsd"
      ],
      "engines": {
        "node": ">=12"
      }
    },
    "node_modules/@esbuild/sunos-x64": {
      "version": "0.20.2",
      "resolved": "https://registry.npmjs.org/@esbuild/sunos-x64/-/sunos-x64-0.20.2.tgz",
      "integrity": "sha512-2UyFtRC6cXLyejf/YEld4Hajo7UHILetzE1vsRcGL3earZEW77JxrFjH4Ez2qaTiEfMgAXxfAZCm1fvM/G/o8w==",
      "cpu": [
        "x64"
      ],
      "dev": true,
      "license": "MIT",
      "optional": true,
      "os": [
        "sunos"
      ],
      "engines": {
        "node": ">=12"
      }
    },
    "node_modules/@esbuild/win32-arm64": {
      "version": "0.20.2",
      "resolved": "https://registry.npmjs.org/@esbuild/win32-arm64/-/win32-arm64-0.20.2.tgz",
      "integrity": "sha512-GRibxoawM9ZCnDxnP3usoUDO9vUkpAxIIZ6GQI+IlVmr5kP3zUq+l17xELTHMWTWzjxa2guPNyrpq1GWmPvcGQ==",
      "cpu": [
        "arm64"
      ],
      "dev": true,
      "license": "MIT",
      "optional": true,
      "os": [
        "win32"
      ],
      "engines": {
        "node": ">=12"
      }
    },
    "node_modules/@esbuild/win32-ia32": {
      "version": "0.20.2",
      "resolved": "https://registry.npmjs.org/@esbuild/win32-ia32/-/win32-ia32-0.20.2.tgz",
      "integrity": "sha512-HfLOfn9YWmkSKRQqovpnITazdtquEW8/SoHW7pWpuEeguaZI4QnCRW6b+oZTztdBnZOS2hqJ6im/D5cPzBTTlQ==",
      "cpu": [
        "ia32"
      ],
      "dev": true,
      "license": "MIT",
      "optional": true,
      "os": [
        "win32"
      ],
      "engines": {
        "node": ">=12"
      }
    },
    "node_modules/@esbuild/win32-x64": {
      "version": "0.20.2",
      "resolved": "https://registry.npmjs.org/@esbuild/win32-x64/-/win32-x64-0.20.2.tgz",
      "integrity": "sha512-N49X4lJX27+l9jbLKSqZ6bKNjzQvHaT8IIFUy+YIqmXQdjYCToGWwOItDrfby14c78aDd5NHQl29xingXfCdLQ==",
      "cpu": [
        "x64"
      ],
      "dev": true,
      "license": "MIT",
      "optional": true,
      "os": [
        "win32"
      ],
      "engines": {
        "node": ">=12"
      }
    },
    "node_modules/@pixiv/three-vrm": {
      "version": "3.5.2",
      "resolved": "https://registry.npmjs.org/@pixiv/three-vrm/-/three-vrm-3.5.2.tgz",
      "integrity": "sha512-YC3T8WZvb18n1uzYS60I9WCc2kOJxWZ/Q0RfklFAg0nD3Dz/kvvEoCYfZj5idnJqOtbLUXZGXZF1KCXKUB2qHg==",
      "license": "MIT",
      "dependencies": {
        "@pixiv/three-vrm-core": "3.5.2",
        "@pixiv/three-vrm-materials-hdr-emissive-multiplier": "3.5.2",
        "@pixiv/three-vrm-materials-mtoon": "3.5.2",
        "@pixiv/three-vrm-materials-v0compat": "3.5.2",
        "@pixiv/three-vrm-node-constraint": "3.5.2",
        "@pixiv/three-vrm-springbone": "3.5.2"
      },
      "peerDependencies": {
        "three": ">=0.137"
      }
    },
    "node_modules/@pixiv/three-vrm-animation": {
      "version": "3.5.2",
      "resolved": "https://registry.npmjs.org/@pixiv/three-vrm-animation/-/three-vrm-animation-3.5.2.tgz",
      "integrity": "sha512-40MT8Q6A7LHdFARqHPa7g5+8/kYzsqURLe8OhUHO0Q82CqYfkkRuyqlKzaRROu1c47M73BngDBy0NrSUWn6KHg==",
      "license": "MIT",
      "dependencies": {
        "@pixiv/three-vrm-core": "3.5.2",
        "@pixiv/types-vrmc-vrm-1.0": "3.5.2",
        "@pixiv/types-vrmc-vrm-animation-1.0": "3.5.2"
      },
      "peerDependencies": {
        "three": ">=0.137"
      }
    },
    "node_modules/@pixiv/three-vrm-core": {
      "version": "3.5.2",
      "resolved": "https://registry.npmjs.org/@pixiv/three-vrm-core/-/three-vrm-core-3.5.2.tgz",
      "integrity": "sha512-QFpkCvsD5VMApNyIqFEw1lxSKFCM5X8+715FsfsAOx5mLh2LP0E0pDmqpDjfau/kAkDpWquGwzzHmXdAYjc8mQ==",
      "license": "MIT",
      "dependencies": {
        "@pixiv/types-vrm-0.0": "3.5.2",
        "@pixiv/types-vrmc-vrm-1.0": "3.5.2"
      },
      "peerDependencies": {
        "three": ">=0.137"
      }
    },
    "node_modules/@pixiv/three-vrm-materials-hdr-emissive-multiplier": {
      "version": "3.5.2",
      "resolved": "https://registry.npmjs.org/@pixiv/three-vrm-materials-hdr-emissive-multiplier/-/three-vrm-materials-hdr-emissive-multiplier-3.5.2.tgz",
      "integrity": "sha512-XJk6l/kexWeYpZmQu0h6VBXPsx4IV2uCN/9EPSJV8usspmP8CcMOsWx/5ESW4DKvGFufbiFZ5J6SGECJOTXTYg==",
      "license": "MIT",
      "dependencies": {
        "@pixiv/types-vrmc-materials-hdr-emissive-multiplier-1.0": "3.5.2"
      },
      "peerDependencies": {
        "three": ">=0.137"
      }
    },
    "node_modules/@pixiv/three-vrm-materials-mtoon": {
      "version": "3.5.2",
      "resolved": "https://registry.npmjs.org/@pixiv/three-vrm-materials-mtoon/-/three-vrm-materials-mtoon-3.5.2.tgz",
      "integrity": "sha512-P0oobZJ+JrMae7jdGgHqQqcoHpp3WYXq5blyCMybfsgxh9KtDzJ2NpBXf57LQlkN0cD6iT0R299tAqfH/1Uqcg==",
      "license": "MIT",
      "dependencies": {
        "@pixiv/types-vrm-0.0": "3.5.2",
        "@pixiv/types-vrmc-materials-mtoon-1.0": "3.5.2"
      },
      "peerDependencies": {
        "three": ">=0.137"
      }
    },
    "node_modules/@pixiv/three-vrm-materials-v0compat": {
      "version": "3.5.2",
      "resolved": "https://registry.npmjs.org/@pixiv/three-vrm-materials-v0compat/-/three-vrm-materials-v0compat-3.5.2.tgz",
      "integrity": "sha512-KuAq0ewDGqDKP8lmLAFrhpwRhYnUhnck6HqjO90XJM1b6HgoqyZK2CNOfTsgJQMJgp7sXF6J0EhjCkBiXTNvGA==",
      "license": "MIT",
      "dependencies": {
        "@pixiv/types-vrm-0.0": "3.5.2",
        "@pixiv/types-vrmc-materials-mtoon-1.0": "3.5.2"
      },
      "peerDependencies": {
        "three": ">=0.137"
      }
    },
    "node_modules/@pixiv/three-vrm-node-constraint": {
      "version": "3.5.2",
      "resolved": "https://registry.npmjs.org/@pixiv/three-vrm-node-constraint/-/three-vrm-node-constraint-3.5.2.tgz",
      "integrity": "sha512-jUBL6XkgTKhf/YgkDILHYAjOlN4n1Oz2dSSSvIfbJ0RVDah9jACm2775ZTult9ADgWmyvBsJQUr5u8JWOMLOKg==",
      "license": "MIT",
      "dependencies": {
        "@pixiv/types-vrmc-node-constraint-1.0": "3.5.2"
      },
      "peerDependencies": {
        "three": ">=0.137"
      }
    },
    "node_modules/@pixiv/three-vrm-springbone": {
      "version": "3.5.2",
      "resolved": "https://registry.npmjs.org/@pixiv/three-vrm-springbone/-/three-vrm-springbone-3.5.2.tgz",
      "integrity": "sha512-+V3ok2W93f7U4wTcclgZxwz3hKe78DjStl1lCBsORKTo21tLMHyeHoNDQCJ8i1bvjLrr4QLfGYH/oBbVNPxvWQ==",
      "license": "MIT",
      "dependencies": {
        "@pixiv/types-vrm-0.0": "3.5.2",
        "@pixiv/types-vrmc-springbone-1.0": "3.5.2",
        "@pixiv/types-vrmc-springbone-extended-collider-1.0": "3.5.2"
      },
      "peerDependencies": {
        "three": ">=0.137"
      }
    },
    "node_modules/@pixiv/types-vrm-0.0": {
      "version": "3.5.2",
      "resolved": "https://registry.npmjs.org/@pixiv/types-vrm-0.0/-/types-vrm-0.0-3.5.2.tgz",
      "integrity": "sha512-H+aiDQqezc1plVJFyvxK4/gfFtpKlK9WghumHGm+dnsRoROLmUZw6sQoHmpd9UoXI2hu1UHiIyyJLHP/MMaWhQ==",
      "license": "MIT"
    },
    "node_modules/@pixiv/types-vrmc-materials-hdr-emissive-multiplier-1.0": {
      "version": "3.5.2",
      "resolved": "https://registry.npmjs.org/@pixiv/types-vrmc-materials-hdr-emissive-multiplier-1.0/-/types-vrmc-materials-hdr-emissive-multiplier-1.0-3.5.2.tgz",
      "integrity": "sha512-dv8oJ8uFRsGqLUtV75Dovmg3lbTbu5oi5s+P/5+oPy7LCs/JsJtSDXCycDwQBYtrie797VMHp4b7G8TvGCP+gQ==",
      "license": "MIT"
    },
    "node_modules/@pixiv/types-vrmc-materials-mtoon-1.0": {
      "version": "3.5.2",
      "resolved": "https://registry.npmjs.org/@pixiv/types-vrmc-materials-mtoon-1.0/-/types-vrmc-materials-mtoon-1.0-3.5.2.tgz",
      "integrity": "sha512-dXC9vphdKDKQNpPpj61l+nveQK/soYFpfFqr74hKo/7BaYm5B6nZ6uImQYPCD7U2WICUF91lBoRYKD9ONTPHmQ==",
      "license": "MIT"
    },
    "node_modules/@pixiv/types-vrmc-node-constraint-1.0": {
      "version": "3.5.2",
      "resolved": "https://registry.npmjs.org/@pixiv/types-vrmc-node-constraint-1.0/-/types-vrmc-node-constraint-1.0-3.5.2.tgz",
      "integrity": "sha512-4swBTE/FgQlpfOPnnFQFD7GF/XiNB883prIr2KOhAqru0VjOyiYDQPIZTwynKtBFCIjUxp9DW4YQzR6ETqhQmw==",
      "license": "MIT"
    },
    "node_modules/@pixiv/types-vrmc-springbone-1.0": {
      "version": "3.5.2",
      "resolved": "https://registry.npmjs.org/@pixiv/types-vrmc-springbone-1.0/-/types-vrmc-springbone-1.0-3.5.2.tgz",
      "integrity": "sha512-Au+nszNPbOuaCdaymOQ5jXFknWb5Md7xjCzoP9aPAHeh1uRKHccR1MErtzuRit/9L6mNhW1OneXet9+Ple5GmQ==",
      "license": "MIT"
    },
    "node_modules/@pixiv/types-vrmc-springbone-extended-collider-1.0": {
      "version": "3.5.2",
      "resolved": "https://registry.npmjs.org/@pixiv/types-vrmc-springbone-extended-collider-1.0/-/types-vrmc-springbone-extended-collider-1.0-3.5.2.tgz",
      "integrity": "sha512-W1CeeAwm6ybiWHrQcqOFOvcO/9LKzLA2fA0wBT30BCwvQFLIwo77mU91N88+TcEeXdH+RxVil/oEdVH7aFZ6nw==",
      "license": "MIT"
    },
    "node_modules/@pixiv/types-vrmc-vrm-1.0": {
      "version": "3.5.2",
      "resolved": "https://registry.npmjs.org/@pixiv/types-vrmc-vrm-1.0/-/types-vrmc-vrm-1.0-3.5.2.tgz",
      "integrity": "sha512-kgvRCJc9J0ruaVIxC5R9x4ZYNpM1bxs7vSMcl4SYPi2+baolHvXQiH0kFaN61+rFleld+sOOjDHtE98egY2dxQ==",
      "license": "MIT"
    },
    "node_modules/@pixiv/types-vrmc-vrm-animation-1.0": {
      "version": "3.5.2",
      "resolved": "https://registry.npmjs.org/@pixiv/types-vrmc-vrm-animation-1.0/-/types-vrmc-vrm-animation-1.0-3.5.2.tgz",
      "integrity": "sha512-p1EEUJ7DX+027ZBL4viJhETUzixaseicwmZMtyqQw7WypKM34l0PcxKLoGv0Dn999kBOgovpnur9YvCkoClXFg==",
      "license": "MIT",
      "dependencies": {
        "@pixiv/types-vrmc-vrm-1.0": "3.5.2"
      }
    },
    "node_modules/@primeta/persona-core": {
      "resolved": "vendor/persona-core",
      "link": true
    },
    "node_modules/@types/node": {
      "version": "20.19.39",
      "resolved": "https://registry.npmjs.org/@types/node/-/node-20.19.39.tgz",
      "integrity": "sha512-orrrD74MBUyK8jOAD/r0+lfa1I2MO6I+vAkmAWzMYbCcgrN4lCrmK52gRFQq/JRxfYPfonkr4b0jcY7Olqdqbw==",
      "dev": true,
      "license": "MIT",
      "dependencies": {
        "undici-types": "~6.21.0"
      }
    },
    "node_modules/@types/vscode": {
      "version": "1.116.0",
      "resolved": "https://registry.npmjs.org/@types/vscode/-/vscode-1.116.0.tgz",
      "integrity": "sha512-sYHp4MO6BqJ2PD7Hjt0hlIS3tMaYsVPJrd0RUjDJ8HtOYnyJIEej0bLSccM8rE77WrC+Xox/kdBwEFDO8MsxNA==",
      "dev": true,
      "license": "MIT"
    },
    "node_modules/@types/ws": {
      "version": "8.18.1",
      "resolved": "https://registry.npmjs.org/@types/ws/-/ws-8.18.1.tgz",
      "integrity": "sha512-ThVF6DCVhA8kUGy+aazFQ4kXQ7E1Ty7A3ypFOe0IcJV8O/M511G99AW24irKrW56Wt44yG9+ij8FaqoBGkuBXg==",
      "dev": true,
      "license": "MIT",
      "dependencies": {
        "@types/node": "*"
      }
    },
    "node_modules/esbuild": {
      "version": "0.20.2",
      "resolved": "https://registry.npmjs.org/esbuild/-/esbuild-0.20.2.tgz",
      "integrity": "sha512-WdOOppmUNU+IbZ0PaDiTst80zjnrOkyJNHoKupIcVyU8Lvla3Ugx94VzkQ32Ijqd7UhHJy75gNWDMUekcrSJ6g==",
      "dev": true,
      "hasInstallScript": true,
      "license": "MIT",
      "bin": {
        "esbuild": "bin/esbuild"
      },
      "engines": {
        "node": ">=12"
      },
      "optionalDependencies": {
        "@esbuild/aix-ppc64": "0.20.2",
        "@esbuild/android-arm": "0.20.2",
        "@esbuild/android-arm64": "0.20.2",
        "@esbuild/android-x64": "0.20.2",
        "@esbuild/darwin-arm64": "0.20.2",
        "@esbuild/darwin-x64": "0.20.2",
        "@esbuild/freebsd-arm64": "0.20.2",
        "@esbuild/freebsd-x64": "0.20.2",
        "@esbuild/linux-arm": "0.20.2",
        "@esbuild/linux-arm64": "0.20.2",
        "@esbuild/linux-ia32": "0.20.2",
        "@esbuild/linux-loong64": "0.20.2",
        "@esbuild/linux-mips64el": "0.20.2",
        "@esbuild/linux-ppc64": "0.20.2",
        "@esbuild/linux-riscv64": "0.20.2",
        "@esbuild/linux-s390x": "0.20.2",
        "@esbuild/linux-x64": "0.20.2",
        "@esbuild/netbsd-x64": "0.20.2",
        "@esbuild/openbsd-x64": "0.20.2",
        "@esbuild/sunos-x64": "0.20.2",
        "@esbuild/win32-arm64": "0.20.2",
        "@esbuild/win32-ia32": "0.20.2",
        "@esbuild/win32-x64": "0.20.2"
      }
    },
    "node_modules/three": {
      "version": "0.170.0",
      "resolved": "https://registry.npmjs.org/three/-/three-0.170.0.tgz",
      "integrity": "sha512-FQK+LEpYc0fBD+J8g6oSEyyNzjp+Q7Ks1C568WWaoMRLW+TkNNWmenWeGgJjV105Gd+p/2ql1ZcjYvNiPZBhuQ==",
      "license": "MIT"
    },
    "node_modules/typescript": {
      "version": "5.9.3",
      "resolved": "https://registry.npmjs.org/typescript/-/typescript-5.9.3.tgz",
      "integrity": "sha512-jl1vZzPDinLr9eUt3J/t7V6FgNEw9QjvBPdysz9KfQDD41fQrC2Y4vKQdiaUpFT4bXlb1RHhLpp8wtm6M5TgSw==",
      "dev": true,
      "license": "Apache-2.0",
      "bin": {
        "tsc": "bin/tsc",
        "tsserver": "bin/tsserver"
      },
      "engines": {
        "node": ">=14.17"
      }
    },
    "node_modules/undici-types": {
      "version": "6.21.0",
      "resolved": "https://registry.npmjs.org/undici-types/-/undici-types-6.21.0.tgz",
      "integrity": "sha512-iwDZqg0QAGrg9Rav5H4n0M64c3mkR59cJ6wQp+7C4nI0gsmExaedaYLNO44eT4AtBBwjbTiGPMlt2Md0T9H9JQ==",
      "dev": true,
      "license": "MIT"
    },
    "node_modules/ws": {
      "version": "8.20.0",
      "resolved": "https://registry.npmjs.org/ws/-/ws-8.20.0.tgz",
      "integrity": "sha512-sAt8BhgNbzCtgGbt2OxmpuryO63ZoDk/sqaB/znQm94T4fCEsy/yV+7CdC1kJhOU9lboAEU7R3kquuycDoibVA==",
      "license": "MIT",
      "engines": {
        "node": ">=10.0.0"
      },
      "peerDependencies": {
        "bufferutil": "^4.0.1",
        "utf-8-validate": ">=5.0.2"
      },
      "peerDependenciesMeta": {
        "bufferutil": {
          "optional": true
        },
        "utf-8-validate": {
          "optional": true
        }
      }
    },
    "vendor/persona-core": {
      "name": "@primeta/persona-core",
      "version": "0.0.1",
      "peerDependencies": {
        "@pixiv/three-vrm": ">=3.0.0",
        "three": ">=0.160.0"
      }
    }
  }
}
